// !$*UTF8*$!
{
	archiveVersion = 1;
	classes = {
	};
	objectVersion = 46;
	objects = {

/* Begin PBXBuildFile section */
		C5374C2F1E1DA4B900014AA9 /* AppDelegate.swift in Sources */ = {isa = PBXBuildFile; fileRef = C5374C2E1E1DA4B900014AA9 /* AppDelegate.swift */; };
		C5374C311E1DA4B900014AA9 /* ViewController.swift in Sources */ = {isa = PBXBuildFile; fileRef = C5374C301E1DA4B900014AA9 /* ViewController.swift */; };
		C5374C341E1DA4B900014AA9 /* Main.storyboard in Resources */ = {isa = PBXBuildFile; fileRef = C5374C321E1DA4B900014AA9 /* Main.storyboard */; };
		C5374C361E1DA4B900014AA9 /* Assets.xcassets in Resources */ = {isa = PBXBuildFile; fileRef = C5374C351E1DA4B900014AA9 /* Assets.xcassets */; };
		C5374C391E1DA4B900014AA9 /* LaunchScreen.storyboard in Resources */ = {isa = PBXBuildFile; fileRef = C5374C371E1DA4B900014AA9 /* LaunchScreen.storyboard */; };
		C5374C411E1DA70000014AA9 /* readme.md in Sources */ = {isa = PBXBuildFile; fileRef = C5374C401E1DA70000014AA9 /* readme.md */; };
		C5374C431E1DA77100014AA9 /* screenshot.png in Resources */ = {isa = PBXBuildFile; fileRef = C5374C421E1DA77100014AA9 /* screenshot.png */; };
/* End PBXBuildFile section */

/* Begin PBXFileReference section */
		C5374C2B1E1DA4B900014AA9 /* HashTagSample.app */ = {isa = PBXFileReference; explicitFileType = wrapper.application; includeInIndex = 0; path = HashTagSample.app; sourceTree = BUILT_PRODUCTS_DIR; };
		C5374C2E1E1DA4B900014AA9 /* AppDelegate.swift */ = {isa = PBXFileReference; lastKnownFileType = sourcecode.swift; path = AppDelegate.swift; sourceTree = "<group>"; };
		C5374C301E1DA4B900014AA9 /* ViewController.swift */ = {isa = PBXFileReference; lastKnownFileType = sourcecode.swift; path = ViewController.swift; sourceTree = "<group>"; };
		C5374C331E1DA4B900014AA9 /* Base */ = {isa = PBXFileReference; lastKnownFileType = file.storyboard; name = Base; path = Base.lproj/Main.storyboard; sourceTree = "<group>"; };
		C5374C351E1DA4B900014AA9 /* Assets.xcassets */ = {isa = PBXFileReference; lastKnownFileType = folder.assetcatalog; path = Assets.xcassets; sourceTree = "<group>"; };
		C5374C381E1DA4B900014AA9 /* Base */ = {isa = PBXFileReference; lastKnownFileType = file.storyboard; name = Base; path = Base.lproj/LaunchScreen.storyboard; sourceTree = "<group>"; };
		C5374C3A1E1DA4B900014AA9 /* Info.plist */ = {isa = PBXFileReference; lastKnownFileType = text.plist.xml; path = Info.plist; sourceTree = "<group>"; };
		C5374C401E1DA70000014AA9 /* readme.md */ = {isa = PBXFileReference; fileEncoding = 4; lastKnownFileType = net.daringfireball.markdown; path = readme.md; sourceTree = "<group>"; };
		C5374C421E1DA77100014AA9 /* screenshot.png */ = {isa = PBXFileReference; lastKnownFileType = image.png; path = screenshot.png; sourceTree = "<group>"; };
/* End PBXFileReference section */

/* Begin PBXFrameworksBuildPhase section */
		C5374C281E1DA4B900014AA9 /* Frameworks */ = {
			isa = PBXFrameworksBuildPhase;
			buildActionMask = 2147483647;
			files = (
			);
			runOnlyForDeploymentPostprocessing = 0;
		};
/* End PBXFrameworksBuildPhase section */

/* Begin PBXGroup section */
		C5374C221E1DA4B900014AA9 = {
			isa = PBXGroup;
			children = (
				C5374C421E1DA77100014AA9 /* screenshot.png */,
				C5374C401E1DA70000014AA9 /* readme.md */,
				C5374C2D1E1DA4B900014AA9 /* HashTagSample */,
				C5374C2C1E1DA4B900014AA9 /* Products */,
			);
			sourceTree = "<group>";
		};
		C5374C2C1E1DA4B900014AA9 /* Products */ = {
			isa = PBXGroup;
			children = (
				C5374C2B1E1DA4B900014AA9 /* HashTagSample.app */,
			);
			name = Products;
			sourceTree = "<group>";
		};
		C5374C2D1E1DA4B900014AA9 /* HashTagSample */ = {
			isa = PBXGroup;
			children = (
				C5374C2E1E1DA4B900014AA9 /* AppDelegate.swift */,
				C5374C301E1DA4B900014AA9 /* ViewController.swift */,
				C5374C321E1DA4B900014AA9 /* Main.storyboard */,
				C5374C351E1DA4B900014AA9 /* Assets.xcassets */,
				C5374C371E1DA4B900014AA9 /* LaunchScreen.storyboard */,
				C5374C3A1E1DA4B900014AA9 /* Info.plist */,
			);
			path = HashTagSample;
			sourceTree = "<group>";
		};
/* End PBXGroup section */

/* Begin PBXNativeTarget section */
		C5374C2A1E1DA4B900014AA9 /* HashTagSample */ = {
			isa = PBXNativeTarget;
			buildConfigurationList = C5374C3D1E1DA4B900014AA9 /* Build configuration list for PBXNativeTarget "HashTagSample" */;
			buildPhases = (
				C5374C271E1DA4B900014AA9 /* Sources */,
				C5374C281E1DA4B900014AA9 /* Frameworks */,
				C5374C291E1DA4B900014AA9 /* Resources */,
			);
			buildRules = (
			);
			dependencies = (
			);
			name = HashTagSample;
			productName = HashTagSample;
			productReference = C5374C2B1E1DA4B900014AA9 /* HashTagSample.app */;
			productType = "com.apple.product-type.application";
		};
/* End PBXNativeTarget section */

/* Begin PBXProject section */
		C5374C231E1DA4B900014AA9 /* Project object */ = {
			isa = PBXProject;
			attributes = {
				LastSwiftUpdateCheck = 0810;
				LastUpgradeCheck = 0810;
				ORGANIZATIONNAME = shinyayamamoto;
				TargetAttributes = {
					C5374C2A1E1DA4B900014AA9 = {
						CreatedOnToolsVersion = 8.1;
						DevelopmentTeam = 555AYYM2W4;
						ProvisioningStyle = Automatic;
					};
				};
			};
			buildConfigurationList = C5374C261E1DA4B900014AA9 /* Build configuration list for PBXProject "HashTagSample" */;
			compatibilityVersion = "Xcode 3.2";
			developmentRegion = English;
			hasScannedForEncodings = 0;
			knownRegions = (
				en,
				Base,
			);
			mainGroup = C5374C221E1DA4B900014AA9;
			productRefGroup = C5374C2C1E1DA4B900014AA9 /* Products */;
			projectDirPath = "";
			projectRoot = "";
			targets = (
				C5374C2A1E1DA4B900014AA9 /* HashTagSample */,
			);
		};
/* End PBXProject section */

/* Begin PBXResourcesBuildPhase section */
		C5374C291E1DA4B900014AA9 /* Resources */ = {
			isa = PBXResourcesBuildPhase;
			buildActionMask = 2147483647;
			files = (
				C5374C391E1DA4B900014AA9 /* LaunchScreen.storyboard in Resources */,
				C5374C361E1DA4B900014AA9 /* Assets.xcassets in Resources */,
				C5374C341E1DA4B900014AA9 /* Main.storyboard in Resources */,
				C5374C431E1DA77100014AA9 /* screenshot.png in Resources */,
			);
			runOnlyForDeploymentPostprocessing = 0;
		};
/* End PBXResourcesBuildPhase section */

/* Begin PBXSourcesBuildPhase section */
		C5374C271E1DA4B900014AA9 /* Sources */ = {
			isa = PBXSourcesBuildPhase;
			buildActionMask = 2147483647;
			files = (
				C5374C311E1DA4B900014AA9 /* ViewController.swift in Sources */,
				C5374C411E1DA70000014AA9 /* readme.md in Sources */,
				C5374C2F1E1DA4B900014AA9 /* AppDelegate.swift in Sources */,
			);
			runOnlyForDeploymentPostprocessing = 0;
		};
/* End PBXSourcesBuildPhase section */

/* Begin PBXVariantGroup section */
		C5374C321E1DA4B900014AA9 /* Main.storyboard */ = {
			isa = PBXVariantGroup;
			children = (
				C5374C331E1DA4B900014AA9 /* Base */,
			);
			name = Main.storyboard;
			sourceTree = "<group>";
		};
		C5374C371E1DA4B900014AA9 /* LaunchScreen.storyboard */ = {
			isa = PBXVariantGroup;
			children = (
				C5374C381E1DA4B900014AA9 /* Base */,
			);
			name = LaunchScreen.storyboard;
			sourceTree = "<group>";
		};
/* End PBXVariantGroup section */

/* Begin XCBuildConfiguration section */
		C5374C3B1E1DA4B900014AA9 /* Debug */ = {
			isa = XCBuildConfiguration;
			buildSettings = {
				ALWAYS_SEARCH_USER_PATHS = NO;
				CLANG_ANALYZER_NONNULL = YES;
				CLANG_CXX_LANGUAGE_STANDARD = "gnu++0x";
				CLANG_CXX_LIBRARY = "libc++";
				CLANG_ENABLE_MODULES = YES;
				CLANG_ENABLE_OBJC_ARC = YES;
				CLANG_WARN_BOOL_CONVERSION = YES;
				CLANG_WARN_CONSTANT_CONVERSION = YES;
				CLANG_WARN_DIRECT_OBJC_ISA_USAGE = YES_ERROR;
				CLANG_WARN_DOCUMENTATION_COMMENTS = YES;
				CLANG_WARN_EMPTY_BODY = YES;
				CLANG_WARN_ENUM_CONVERSION = YES;
				CLANG_WARN_INFINITE_RECURSION = YES;
				CLANG_WARN_INT_CONVERSION = YES;
				CLANG_WARN_OBJC_ROOT_CLASS = YES_ERROR;
				CLANG_WARN_SUSPICIOUS_MOVES = YES;
				CLANG_WARN_UNREACHABLE_CODE = YES;
				CLANG_WARN__DUPLICATE_METHOD_MATCH = YES;
				"CODE_SIGN_IDENTITY[sdk=iphoneos*]" = "iPhone Developer";
				COPY_PHASE_STRIP = NO;
				DEBUG_INFORMATION_FORMAT = dwarf;
				ENABLE_STRICT_OBJC_MSGSEND = YES;
				ENABLE_TESTABILITY = YES;
				GCC_C_LANGUAGE_STANDARD = gnu99;
				GCC_DYNAMIC_NO_PIC = NO;
				GCC_NO_COMMON_BLOCKS = YES;
				GCC_OPTIMIZATION_LEVEL = 0;
				GCC_PREPROCESSOR_DEFINITIONS = (
					"DEBUG=1",
					"$(inherited)",
				);
				GCC_WARN_64_TO_32_BIT_CONVERSION = YES;
				GCC_WARN_ABOUT_RETURN_TYPE = YES_ERROR;
				GCC_WARN_UNDECLARED_SELECTOR = YES;
				GCC_WARN_UNINITIALIZED_AUTOS = YES_AGGRESSIVE;
				GCC_WARN_UNUSED_FUNCTION = YES;
				GCC_WARN_UNUSED_VARIABLE = YES;
				IPHONEOS_DEPLOYMENT_TARGET = 10.1;
				MTL_ENABLE_DEBUG_INFO = YES;
				ONLY_ACTIVE_ARCH = YES;
				SDKROOT = iphoneos;
				SWIFT_ACTIVE_COMPILATION_CONDITIONS = DEBUG;
				SWIFT_OPTIMIZATION_LEVEL = "-Onone";
			};
			name = Debug;
		};
		C5374C3C1E1DA4B900014AA9 /* Release */ = {
			isa = XCBuildConfiguration;
			buildSettings = {
				ALWAYS_SEARCH_USER_PATHS = NO;
				CLANG_ANALYZER_NONNULL = YES;
				CLANG_CXX_LANGUAGE_STANDARD = "gnu++0x";
				CLANG_CXX_LIBRARY = "libc++";
				CLANG_ENABLE_MODULES = YES;
				CLANG_ENABLE_OBJC_ARC = YES;
				CLANG_WARN_BOOL_CONVERSION = YES;
				CLANG_WARN_CONSTANT_CONVERSION = YES;
				CLANG_WARN_DIRECT_OBJC_ISA_USAGE = YES_ERROR;
				CLANG_WARN_DOCUMENTATION_COMMENTS = YES;
				CLANG_WARN_EMPTY_BODY = YES;
				CLANG_WARN_ENUM_CONVERSION = YES;
				CLANG_WARN_INFINITE_RECURSION = YES;
				CLANG_WARN_INT_CONVERSION = YES;
				CLANG_WARN_OBJC_ROOT_CLASS = YES_ERROR;
				CLANG_WARN_SUSPICIOUS_MOVES = YES;
				CLANG_WARN_UNREACHABLE_CODE = YES;
				CLANG_WARN__DUPLICATE_METHOD_MATCH = YES;
				"CODE_SIGN_IDENTITY[sdk=iphoneos*]" = "iPhone Developer";
				COPY_PHASE_STRIP = NO;
				DEBUG_INFORMATION_FORMAT = "dwarf-with-dsym";
				ENABLE_NS_ASSERTIONS = NO;
				ENABLE_STRICT_OBJC_MSGSEND = YES;
				GCC_C_LANGUAGE_STANDARD = gnu99;
				GCC_NO_COMMON_BLOCKS = YES;
				GCC_WARN_64_TO_32_BIT_CONVERSION = YES;
				GCC_WARN_ABOUT_RETURN_TYPE = YES_ERROR;
				GCC_WARN_UNDECLARED_SELECTOR = YES;
				GCC_WARN_UNINITIALIZED_AUTOS = YES_AGGRESSIVE;
				GCC_WARN_UNUSED_FUNCTION = YES;
				GCC_WARN_UNUSED_VARIABLE = YES;
				IPHONEOS_DEPLOYMENT_TARGET = 10.1;
				MTL_ENABLE_DEBUG_INFO = NO;
				SDKROOT = iphoneos;
				SWIFT_OPTIMIZATION_LEVEL = "-Owholemodule";
				VALIDATE_PRODUCT = YES;
			};
			name = Release;
		};
		C5374C3E1E1DA4B900014AA9 /* Debug */ = {
			isa = XCBuildConfiguration;
			buildSettings = {
				ASSETCATALOG_COMPILER_APPICON_NAME = AppIcon;
				DEVELOPMENT_TEAM = 555AYYM2W4;
				INFOPLIST_FILE = HashTagSample/Info.plist;
				LD_RUNPATH_SEARCH_PATHS = "$(inherited) @executable_path/Frameworks";
				PRODUCT_BUNDLE_IDENTIFIER = shinyayamamoto.HashTagSample;
				PRODUCT_NAME = "$(TARGET_NAME)";
				SWIFT_VERSION = 3.0;
			};
			name = Debug;
		};
		C5374C3F1E1DA4B900014AA9 /* Release */ = {
			isa = XCBuildConfiguration;
			buildSettings = {
				ASSETCATALOG_COMPILER_APPICON_NAME = AppIcon;
				DEVELOPMENT_TEAM = 555AYYM2W4;
				INFOPLIST_FILE = HashTagSample/Info.plist;
				LD_RUNPATH_SEARCH_PATHS = "$(inherited) @executable_path/Frameworks";
				PRODUCT_BUNDLE_IDENTIFIER = shinyayamamoto.HashTagSample;
				PRODUCT_NAME = "$(TARGET_NAME)";
				SWIFT_VERSION = 3.0;
			};
			name = Release;
		};
/* End XCBuildConfiguration section */

/* Begin XCConfigurationList section */
		C5374C261E1DA4B900014AA9 /* Build configuration list for PBXProject "HashTagSample" */ = {
			isa = XCConfigurationList;
			buildConfigurations = (
				C5374C3B1E1DA4B900014AA9 /* Debug */,
				C5374C3C1E1DA4B900014AA9 /* Release */,
			);
			defaultConfigurationIsVisible = 0;
			defaultConfigurationName = Release;
		};
		C5374C3D1E1DA4B900014AA9 /* Build configuration list for PBXNativeTarget "HashTagSample" */ = {
			isa = XCConfigurationList;
			buildConfigurations = (
				C5374C3E1E1DA4B900014AA9 /* Debug */,
				C5374C3F1E1DA4B900014AA9 /* Release */,
			);
			defaultConfigurationIsVisible = 0;
		};
/* End XCConfigurationList section */
	};
	rootObject = C5374C231E1DA4B900014AA9 /* Project object */;
}
